
Microsoft Visual Studio Solution File, Format Version 12.00
# Visual Studio 15
Project("{FAE04EC0-301F-11D3-BF4B-00C04F79EFBC}") = "FFImageLoadingMockTest.Android", "FFImageLoadingMockTest.Android\FFImageLoadingMockTest.Android.csproj", "{18254F21-E971-41D4-B463-2953CAB84610}"
EndProject
Project("{FAE04EC0-301F-11D3-BF4B-00C04F79EFBC}") = "FFImageLoadingMockTest.iOS", "FFImageLoadingMockTest.iOS\FFImageLoadingMockTest.iOS.csproj", "{3FCFFB52-B6C7-4209-A1B8-8A1BB522FDE2}"
EndProject
Project("{FAE04EC0-301F-11D3-BF4B-00C04F79EFBC}") = "FFImageLoadingMockTest", "FFImageLoadingMockTest\FFImageLoadingMockTest.csproj", "{2C2DC8AE-CE86-475B-9941-DFC949BAD10B}"
EndProject
Project("{FAE04EC0-301F-11D3-BF4B-00C04F79EFBC}") = "FFImageLoadingMockTest.Test", "FFImageLoadingMockTest.Test\FFImageLoadingMockTest.Test.csproj", "{AE7CBFF5-A047-45A1-9A7B-A9D157119D98}"
EndProject
Global
	GlobalSection(SolutionConfigurationPlatforms) = preSolution
		Debug|Any CPU = Debug|Any CPU
		Release|Any CPU = Release|Any CPU
		Debug|iPhoneSimulator = Debug|iPhoneSimulator
		Release|iPhoneSimulator = Release|iPhoneSimulator
		Debug|iPhone = Debug|iPhone
		Release|iPhone = Release|iPhone
		Ad-Hoc|iPhone = Ad-Hoc|iPhone
		AppStore|iPhone = AppStore|iPhone
	EndGlobalSection
	GlobalSection(ProjectConfigurationPlatforms) = postSolution
		{18254F21-E971-41D4-B463-2953CAB84610}.Debug|Any CPU.ActiveCfg = Debug|Any CPU
		{18254F21-E971-41D4-B463-2953CAB84610}.Debug|Any CPU.Build.0 = Debug|Any CPU
		{18254F21-E971-41D4-B463-2953CAB84610}.Release|Any CPU.ActiveCfg = Release|Any CPU
		{18254F21-E971-41D4-B463-2953CAB84610}.Release|Any CPU.Build.0 = Release|Any CPU
		{18254F21-E971-41D4-B463-2953CAB84610}.Debug|iPhoneSimulator.ActiveCfg = Debug|Any CPU
		{18254F21-E971-41D4-B463-2953CAB84610}.Debug|iPhoneSimulator.Build.0 = Debug|Any CPU
		{18254F21-E971-41D4-B463-2953CAB84610}.Release|iPhoneSimulator.ActiveCfg = Release|Any CPU
		{18254F21-E971-41D4-B463-2953CAB84610}.Release|iPhoneSimulator.Build.0 = Release|Any CPU
		{18254F21-E971-41D4-B463-2953CAB84610}.Debug|iPhone.ActiveCfg = Debug|Any CPU
		{18254F21-E971-41D4-B463-2953CAB84610}.Debug|iPhone.Build.0 = Debug|Any CPU
		{18254F21-E971-41D4-B463-2953CAB84610}.Release|iPhone.ActiveCfg = Release|Any CPU
		{18254F21-E971-41D4-B463-2953CAB84610}.Release|iPhone.Build.0 = Release|Any CPU
		{18254F21-E971-41D4-B463-2953CAB84610}.Ad-Hoc|iPhone.ActiveCfg = Debug|Any CPU
		{18254F21-E971-41D4-B463-2953CAB84610}.Ad-Hoc|iPhone.Build.0 = Debug|Any CPU
		{18254F21-E971-41D4-B463-2953CAB84610}.AppStore|iPhone.ActiveCfg = Debug|Any CPU
		{18254F21-E971-41D4-B463-2953CAB84610}.AppStore|iPhone.Build.0 = Debug|Any CPU
		{3FCFFB52-B6C7-4209-A1B8-8A1BB522FDE2}.Debug|Any CPU.ActiveCfg = Debug|iPhoneSimulator
		{3FCFFB52-B6C7-4209-A1B8-8A1BB522FDE2}.Debug|Any CPU.Build.0 = Debug|iPhoneSimulator
		{3FCFFB52-B6C7-4209-A1B8-8A1BB522FDE2}.Release|Any CPU.ActiveCfg = Release|iPhoneSimulator
		{3FCFFB52-B6C7-4209-A1B8-8A1BB522FDE2}.Release|Any CPU.Build.0 = Release|iPhoneSimulator
		{3FCFFB52-B6C7-4209-A1B8-8A1BB522FDE2}.Debug|iPhoneSimulator.ActiveCfg = Debug|iPhoneSimulator
		{3FCFFB52-B6C7-4209-A1B8-8A1BB522FDE2}.Debug|iPhoneSimulator.Build.0 = Debug|iPhoneSimulator
		{3FCFFB52-B6C7-4209-A1B8-8A1BB522FDE2}.Release|iPhoneSimulator.ActiveCfg = Release|iPhoneSimulator
		{3FCFFB52-B6C7-4209-A1B8-8A1BB522FDE2}.Release|iPhoneSimulator.Build.0 = Release|iPhoneSimulator
		{3FCFFB52-B6C7-4209-A1B8-8A1BB522FDE2}.Debug|iPhone.ActiveCfg = Debug|iPhone
		{3FCFFB52-B6C7-4209-A1B8-8A1BB522FDE2}.Debug|iPhone.Build.0 = Debug|iPhone
		{3FCFFB52-B6C7-4209-A1B8-8A1BB522FDE2}.Release|iPhone.ActiveCfg = Release|iPhone
		{3FCFFB52-B6C7-4209-A1B8-8A1BB522FDE2}.Release|iPhone.Build.0 = Release|iPhone
		{3FCFFB52-B6C7-4209-A1B8-8A1BB522FDE2}.Ad-Hoc|iPhone.ActiveCfg = Ad-Hoc|iPhone
		{3FCFFB52-B6C7-4209-A1B8-8A1BB522FDE2}.Ad-Hoc|iPhone.Build.0 = Ad-Hoc|iPhone
		{3FCFFB52-B6C7-4209-A1B8-8A1BB522FDE2}.AppStore|iPhone.ActiveCfg = AppStore|iPhone
		{3FCFFB52-B6C7-4209-A1B8-8A1BB522FDE2}.AppStore|iPhone.Build.0 = AppStore|iPhone
		{2C2DC8AE-CE86-475B-9941-DFC949BAD10B}.Debug|Any CPU.ActiveCfg = Debug|Any CPU
		{2C2DC8AE-CE86-475B-9941-DFC949BAD10B}.Debug|Any CPU.Build.0 = Debug|Any CPU
		{2C2DC8AE-CE86-475B-9941-DFC949BAD10B}.Release|Any CPU.ActiveCfg = Release|Any CPU
		{2C2DC8AE-CE86-475B-9941-DFC949BAD10B}.Release|Any CPU.Build.0 = Release|Any CPU
		{2C2DC8AE-CE86-475B-9941-DFC949BAD10B}.Debug|iPhoneSimulator.ActiveCfg = Debug|Any CPU
		{2C2DC8AE-CE86-475B-9941-DFC949BAD10B}.Debug|iPhoneSimulator.Build.0 = Debug|Any CPU
		{2C2DC8AE-CE86-475B-9941-DFC949BAD10B}.Release|iPhoneSimulator.ActiveCfg = Release|Any CPU
		{2C2DC8AE-CE86-475B-9941-DFC949BAD10B}.Release|iPhoneSimulator.Build.0 = Release|Any CPU
		{2C2DC8AE-CE86-475B-9941-DFC949BAD10B}.Debug|iPhone.ActiveCfg = Debug|Any CPU
		{2C2DC8AE-CE86-475B-9941-DFC949BAD10B}.Debug|iPhone.Build.0 = Debug|Any CPU
		{2C2DC8AE-CE86-475B-9941-DFC949BAD10B}.Release|iPhone.ActiveCfg = Release|Any CPU
		{2C2DC8AE-CE86-475B-9941-DFC949BAD10B}.Release|iPhone.Build.0 = Release|Any CPU
		{2C2DC8AE-CE86-475B-9941-DFC949BAD10B}.Ad-Hoc|iPhone.ActiveCfg = Debug|Any CPU
		{2C2DC8AE-CE86-475B-9941-DFC949BAD10B}.Ad-Hoc|iPhone.Build.0 = Debug|Any CPU
		{2C2DC8AE-CE86-475B-9941-DFC949BAD10B}.AppStore|iPhone.ActiveCfg = Debug|Any CPU
		{2C2DC8AE-CE86-475B-9941-DFC949BAD10B}.AppStore|iPhone.Build.0 = Debug|Any CPU
		{AE7CBFF5-A047-45A1-9A7B-A9D157119D98}.Debug|Any CPU.ActiveCfg = Debug|Any CPU
		{AE7CBFF5-A047-45A1-9A7B-A9D157119D98}.Debug|Any CPU.Build.0 = Debug|Any CPU
		{AE7CBFF5-A047-45A1-9A7B-A9D157119D98}.Release|Any CPU.ActiveCfg = Release|Any CPU
		{AE7CBFF5-A047-45A1-9A7B-A9D157119D98}.Release|Any CPU.Build.0 = Release|Any CPU
		{AE7CBFF5-A047-45A1-9A7B-A9D157119D98}.Debug|iPhoneSimulator.ActiveCfg = Debug|Any CPU
		{AE7CBFF5-A047-45A1-9A7B-A9D157119D98}.Debug|iPhoneSimulator.Build.0 = Debug|Any CPU
		{AE7CBFF5-A047-45A1-9A7B-A9D157119D98}.Release|iPhoneSimulator.ActiveCfg = Release|Any CPU
		{AE7CBFF5-A047-45A1-9A7B-A9D157119D98}.Release|iPhoneSimulator.Build.0 = Release|Any CPU
		{AE7CBFF5-A047-45A1-9A7B-A9D157119D98}.Debug|iPhone.ActiveCfg = Debug|Any CPU
		{AE7CBFF5-A047-45A1-9A7B-A9D157119D98}.Debug|iPhone.Build.0 = Debug|Any CPU
		{AE7CBFF5-A047-45A1-9A7B-A9D157119D98}.Release|iPhone.ActiveCfg = Release|Any CPU
		{AE7CBFF5-A047-45A1-9A7B-A9D157119D98}.Release|iPhone.Build.0 = Release|Any CPU
		{AE7CBFF5-A047-45A1-9A7B-A9D157119D98}.Ad-Hoc|iPhone.ActiveCfg = Debug|Any CPU
		{AE7CBFF5-A047-45A1-9A7B-A9D157119D98}.Ad-Hoc|iPhone.Build.0 = Debug|Any CPU
		{AE7CBFF5-A047-45A1-9A7B-A9D157119D98}.AppStore|iPhone.ActiveCfg = Debug|Any CPU
		{AE7CBFF5-A047-45A1-9A7B-A9D157119D98}.AppStore|iPhone.Build.0 = Debug|Any CPU
	EndGlobalSection
EndGlobal
