Microsoft Visual Studio Solution File, Format Version 12.00
# Visual Studio Version 16
VisualStudioVersion = 16.0.31112.23
MinimumVisualStudioVersion = 10.0.40219.1
Project("{9A19103F-16F7-4668-BE54-9A1E7A4F7556}") = "XamarinPlayground", "XamarinPlayground\XamarinPlayground.csproj", "{1B97BAD0-1B09-43A9-92DC-9644525119E3}"
EndProject
Project("{FAE04EC0-301F-11D3-BF4B-00C04F79EFBC}") = "XamarinPlayground.Android", "XamarinPlayground.Android\XamarinPlayground.Android.csproj", "{18254F21-E971-41D4-B463-2953CAB84610}"
EndProject
Project("{FAE04EC0-301F-11D3-BF4B-00C04F79EFBC}") = "XamarinPlayground.iOS", "XamarinPlayground.iOS\XamarinPlayground.iOS.csproj", "{3FCFFB52-B6C7-4209-A1B8-8A1BB522FDE2}"
EndProject
Project("{FAE04EC0-301F-11D3-BF4B-00C04F79EFBC}") = "XamarinPlayground.Test", "XamarinPlayground.Test\XamarinPlayground.Test.csproj", "{AE7CBFF5-A047-45A1-9A7B-A9D157119D98}"
EndProject
Global
	GlobalSection(SolutionConfigurationPlatforms) = preSolution
		Ad-Hoc|Any CPU = Ad-Hoc|Any CPU
		Ad-Hoc|iPhone = Ad-Hoc|iPhone
		Ad-Hoc|iPhoneSimulator = Ad-Hoc|iPhoneSimulator
		AppStore|Any CPU = AppStore|Any CPU
		AppStore|iPhone = AppStore|iPhone
		AppStore|iPhoneSimulator = AppStore|iPhoneSimulator
		Debug|Any CPU = Debug|Any CPU
		Debug|iPhone = Debug|iPhone
		Debug|iPhoneSimulator = Debug|iPhoneSimulator
		Release|Any CPU = Release|Any CPU
		Release|iPhone = Release|iPhone
		Release|iPhoneSimulator = Release|iPhoneSimulator
	EndGlobalSection
	GlobalSection(ProjectConfigurationPlatforms) = postSolution
		{1B97BAD0-1B09-43A9-92DC-9644525119E3}.Ad-Hoc|Any CPU.ActiveCfg = Release|Any CPU
		{1B97BAD0-1B09-43A9-92DC-9644525119E3}.Ad-Hoc|Any CPU.Build.0 = Release|Any CPU
		{1B97BAD0-1B09-43A9-92DC-9644525119E3}.Ad-Hoc|iPhone.ActiveCfg = Debug|Any CPU
		{1B97BAD0-1B09-43A9-92DC-9644525119E3}.Ad-Hoc|iPhone.Build.0 = Debug|Any CPU
		{1B97BAD0-1B09-43A9-92DC-9644525119E3}.Ad-Hoc|iPhoneSimulator.ActiveCfg = Release|Any CPU
		{1B97BAD0-1B09-43A9-92DC-9644525119E3}.Ad-Hoc|iPhoneSimulator.Build.0 = Release|Any CPU
		{1B97BAD0-1B09-43A9-92DC-9644525119E3}.AppStore|Any CPU.ActiveCfg = Release|Any CPU
		{1B97BAD0-1B09-43A9-92DC-9644525119E3}.AppStore|Any CPU.Build.0 = Release|Any CPU
		{1B97BAD0-1B09-43A9-92DC-9644525119E3}.AppStore|iPhone.ActiveCfg = Debug|Any CPU
		{1B97BAD0-1B09-43A9-92DC-9644525119E3}.AppStore|iPhone.Build.0 = Debug|Any CPU
		{1B97BAD0-1B09-43A9-92DC-9644525119E3}.AppStore|iPhoneSimulator.ActiveCfg = Release|Any CPU
		{1B97BAD0-1B09-43A9-92DC-9644525119E3}.AppStore|iPhoneSimulator.Build.0 = Release|Any CPU
		{1B97BAD0-1B09-43A9-92DC-9644525119E3}.Debug|Any CPU.ActiveCfg = Debug|Any CPU
		{1B97BAD0-1B09-43A9-92DC-9644525119E3}.Debug|Any CPU.Build.0 = Debug|Any CPU
		{1B97BAD0-1B09-43A9-92DC-9644525119E3}.Debug|iPhone.ActiveCfg = Debug|Any CPU
		{1B97BAD0-1B09-43A9-92DC-9644525119E3}.Debug|iPhone.Build.0 = Debug|Any CPU
		{1B97BAD0-1B09-43A9-92DC-9644525119E3}.Debug|iPhoneSimulator.ActiveCfg = Debug|Any CPU
		{1B97BAD0-1B09-43A9-92DC-9644525119E3}.Debug|iPhoneSimulator.Build.0 = Debug|Any CPU
		{1B97BAD0-1B09-43A9-92DC-9644525119E3}.Release|Any CPU.ActiveCfg = Release|Any CPU
		{1B97BAD0-1B09-43A9-92DC-9644525119E3}.Release|Any CPU.Build.0 = Release|Any CPU
		{1B97BAD0-1B09-43A9-92DC-9644525119E3}.Release|iPhone.ActiveCfg = Release|Any CPU
		{1B97BAD0-1B09-43A9-92DC-9644525119E3}.Release|iPhone.Build.0 = Release|Any CPU
		{1B97BAD0-1B09-43A9-92DC-9644525119E3}.Release|iPhoneSimulator.ActiveCfg = Release|Any CPU
		{1B97BAD0-1B09-43A9-92DC-9644525119E3}.Release|iPhoneSimulator.Build.0 = Release|Any CPU
		{18254F21-E971-41D4-B463-2953CAB84610}.Ad-Hoc|Any CPU.ActiveCfg = Release|Any CPU
		{18254F21-E971-41D4-B463-2953CAB84610}.Ad-Hoc|Any CPU.Build.0 = Release|Any CPU
		{18254F21-E971-41D4-B463-2953CAB84610}.Ad-Hoc|Any CPU.Deploy.0 = Release|Any CPU
		{18254F21-E971-41D4-B463-2953CAB84610}.Ad-Hoc|iPhone.ActiveCfg = Debug|Any CPU
		{18254F21-E971-41D4-B463-2953CAB84610}.Ad-Hoc|iPhone.Build.0 = Debug|Any CPU
		{18254F21-E971-41D4-B463-2953CAB84610}.Ad-Hoc|iPhoneSimulator.ActiveCfg = Release|Any CPU
		{18254F21-E971-41D4-B463-2953CAB84610}.Ad-Hoc|iPhoneSimulator.Build.0 = Release|Any CPU
		{18254F21-E971-41D4-B463-2953CAB84610}.Ad-Hoc|iPhoneSimulator.Deploy.0 = Release|Any CPU
		{18254F21-E971-41D4-B463-2953CAB84610}.AppStore|Any CPU.ActiveCfg = Release|Any CPU
		{18254F21-E971-41D4-B463-2953CAB84610}.AppStore|Any CPU.Build.0 = Release|Any CPU
		{18254F21-E971-41D4-B463-2953CAB84610}.AppStore|Any CPU.Deploy.0 = Release|Any CPU
		{18254F21-E971-41D4-B463-2953CAB84610}.AppStore|iPhone.ActiveCfg = Debug|Any CPU
		{18254F21-E971-41D4-B463-2953CAB84610}.AppStore|iPhone.Build.0 = Debug|Any CPU
		{18254F21-E971-41D4-B463-2953CAB84610}.AppStore|iPhoneSimulator.ActiveCfg = Release|Any CPU
		{18254F21-E971-41D4-B463-2953CAB84610}.AppStore|iPhoneSimulator.Build.0 = Release|Any CPU
		{18254F21-E971-41D4-B463-2953CAB84610}.AppStore|iPhoneSimulator.Deploy.0 = Release|Any CPU
		{18254F21-E971-41D4-B463-2953CAB84610}.Debug|Any CPU.ActiveCfg = Debug|Any CPU
		{18254F21-E971-41D4-B463-2953CAB84610}.Debug|Any CPU.Build.0 = Debug|Any CPU
		{18254F21-E971-41D4-B463-2953CAB84610}.Debug|iPhone.ActiveCfg = Debug|Any CPU
		{18254F21-E971-41D4-B463-2953CAB84610}.Debug|iPhone.Build.0 = Debug|Any CPU
		{18254F21-E971-41D4-B463-2953CAB84610}.Debug|iPhoneSimulator.ActiveCfg = Debug|Any CPU
		{18254F21-E971-41D4-B463-2953CAB84610}.Debug|iPhoneSimulator.Build.0 = Debug|Any CPU
		{18254F21-E971-41D4-B463-2953CAB84610}.Release|Any CPU.ActiveCfg = Release|Any CPU
		{18254F21-E971-41D4-B463-2953CAB84610}.Release|Any CPU.Build.0 = Release|Any CPU
		{18254F21-E971-41D4-B463-2953CAB84610}.Release|iPhone.ActiveCfg = Release|Any CPU
		{18254F21-E971-41D4-B463-2953CAB84610}.Release|iPhone.Build.0 = Release|Any CPU
		{18254F21-E971-41D4-B463-2953CAB84610}.Release|iPhoneSimulator.ActiveCfg = Release|Any CPU
		{18254F21-E971-41D4-B463-2953CAB84610}.Release|iPhoneSimulator.Build.0 = Release|Any CPU
		{3FCFFB52-B6C7-4209-A1B8-8A1BB522FDE2}.Ad-Hoc|Any CPU.ActiveCfg = Ad-Hoc|iPhoneSimulator
		{3FCFFB52-B6C7-4209-A1B8-8A1BB522FDE2}.Ad-Hoc|iPhone.ActiveCfg = Ad-Hoc|iPhone
		{3FCFFB52-B6C7-4209-A1B8-8A1BB522FDE2}.Ad-Hoc|iPhone.Build.0 = Ad-Hoc|iPhone
		{3FCFFB52-B6C7-4209-A1B8-8A1BB522FDE2}.Ad-Hoc|iPhoneSimulator.ActiveCfg = Ad-Hoc|iPhoneSimulator
		{3FCFFB52-B6C7-4209-A1B8-8A1BB522FDE2}.Ad-Hoc|iPhoneSimulator.Build.0 = Ad-Hoc|iPhoneSimulator
		{3FCFFB52-B6C7-4209-A1B8-8A1BB522FDE2}.AppStore|Any CPU.ActiveCfg = AppStore|iPhoneSimulator
		{3FCFFB52-B6C7-4209-A1B8-8A1BB522FDE2}.AppStore|iPhone.ActiveCfg = AppStore|iPhone
		{3FCFFB52-B6C7-4209-A1B8-8A1BB522FDE2}.AppStore|iPhone.Build.0 = AppStore|iPhone
		{3FCFFB52-B6C7-4209-A1B8-8A1BB522FDE2}.AppStore|iPhoneSimulator.ActiveCfg = AppStore|iPhoneSimulator
		{3FCFFB52-B6C7-4209-A1B8-8A1BB522FDE2}.AppStore|iPhoneSimulator.Build.0 = AppStore|iPhoneSimulator
		{3FCFFB52-B6C7-4209-A1B8-8A1BB522FDE2}.Debug|Any CPU.ActiveCfg = Debug|iPhoneSimulator
		{3FCFFB52-B6C7-4209-A1B8-8A1BB522FDE2}.Debug|Any CPU.Build.0 = Debug|iPhoneSimulator
		{3FCFFB52-B6C7-4209-A1B8-8A1BB522FDE2}.Debug|iPhone.ActiveCfg = Debug|iPhone
		{3FCFFB52-B6C7-4209-A1B8-8A1BB522FDE2}.Debug|iPhone.Build.0 = Debug|iPhone
		{3FCFFB52-B6C7-4209-A1B8-8A1BB522FDE2}.Debug|iPhoneSimulator.ActiveCfg = Debug|iPhoneSimulator
		{3FCFFB52-B6C7-4209-A1B8-8A1BB522FDE2}.Debug|iPhoneSimulator.Build.0 = Debug|iPhoneSimulator
		{3FCFFB52-B6C7-4209-A1B8-8A1BB522FDE2}.Release|Any CPU.ActiveCfg = Release|iPhoneSimulator
		{3FCFFB52-B6C7-4209-A1B8-8A1BB522FDE2}.Release|Any CPU.Build.0 = Release|iPhoneSimulator
		{3FCFFB52-B6C7-4209-A1B8-8A1BB522FDE2}.Release|iPhone.ActiveCfg = Release|iPhone
		{3FCFFB52-B6C7-4209-A1B8-8A1BB522FDE2}.Release|iPhone.Build.0 = Release|iPhone
		{3FCFFB52-B6C7-4209-A1B8-8A1BB522FDE2}.Release|iPhoneSimulator.ActiveCfg = Release|iPhoneSimulator
		{3FCFFB52-B6C7-4209-A1B8-8A1BB522FDE2}.Release|iPhoneSimulator.Build.0 = Release|iPhoneSimulator
		{AE7CBFF5-A047-45A1-9A7B-A9D157119D98}.Ad-Hoc|Any CPU.ActiveCfg = Release|Any CPU
		{AE7CBFF5-A047-45A1-9A7B-A9D157119D98}.Ad-Hoc|Any CPU.Build.0 = Release|Any CPU
		{AE7CBFF5-A047-45A1-9A7B-A9D157119D98}.Ad-Hoc|iPhone.ActiveCfg = Debug|Any CPU
		{AE7CBFF5-A047-45A1-9A7B-A9D157119D98}.Ad-Hoc|iPhone.Build.0 = Debug|Any CPU
		{AE7CBFF5-A047-45A1-9A7B-A9D157119D98}.Ad-Hoc|iPhoneSimulator.ActiveCfg = Release|Any CPU
		{AE7CBFF5-A047-45A1-9A7B-A9D157119D98}.Ad-Hoc|iPhoneSimulator.Build.0 = Release|Any CPU
		{AE7CBFF5-A047-45A1-9A7B-A9D157119D98}.AppStore|Any CPU.ActiveCfg = Release|Any CPU
		{AE7CBFF5-A047-45A1-9A7B-A9D157119D98}.AppStore|Any CPU.Build.0 = Release|Any CPU
		{AE7CBFF5-A047-45A1-9A7B-A9D157119D98}.AppStore|iPhone.ActiveCfg = Debug|Any CPU
		{AE7CBFF5-A047-45A1-9A7B-A9D157119D98}.AppStore|iPhone.Build.0 = Debug|Any CPU
		{AE7CBFF5-A047-45A1-9A7B-A9D157119D98}.AppStore|iPhoneSimulator.ActiveCfg = Release|Any CPU
		{AE7CBFF5-A047-45A1-9A7B-A9D157119D98}.AppStore|iPhoneSimulator.Build.0 = Release|Any CPU
		{AE7CBFF5-A047-45A1-9A7B-A9D157119D98}.Debug|Any CPU.ActiveCfg = Debug|Any CPU
		{AE7CBFF5-A047-45A1-9A7B-A9D157119D98}.Debug|Any CPU.Build.0 = Debug|Any CPU
		{AE7CBFF5-A047-45A1-9A7B-A9D157119D98}.Debug|iPhone.ActiveCfg = Debug|Any CPU
		{AE7CBFF5-A047-45A1-9A7B-A9D157119D98}.Debug|iPhone.Build.0 = Debug|Any CPU
		{AE7CBFF5-A047-45A1-9A7B-A9D157119D98}.Debug|iPhoneSimulator.ActiveCfg = Debug|Any CPU
		{AE7CBFF5-A047-45A1-9A7B-A9D157119D98}.Debug|iPhoneSimulator.Build.0 = Debug|Any CPU
		{AE7CBFF5-A047-45A1-9A7B-A9D157119D98}.Release|Any CPU.ActiveCfg = Release|Any CPU
		{AE7CBFF5-A047-45A1-9A7B-A9D157119D98}.Release|Any CPU.Build.0 = Release|Any CPU
		{AE7CBFF5-A047-45A1-9A7B-A9D157119D98}.Release|iPhone.ActiveCfg = Release|Any CPU
		{AE7CBFF5-A047-45A1-9A7B-A9D157119D98}.Release|iPhone.Build.0 = Release|Any CPU
		{AE7CBFF5-A047-45A1-9A7B-A9D157119D98}.Release|iPhoneSimulator.ActiveCfg = Release|Any CPU
		{AE7CBFF5-A047-45A1-9A7B-A9D157119D98}.Release|iPhoneSimulator.Build.0 = Release|Any CPU
	EndGlobalSection
	GlobalSection(SolutionProperties) = preSolution
		HideSolutionNode = FALSE
	EndGlobalSection
	GlobalSection(ExtensibilityGlobals) = postSolution
		SolutionGuid = {3ABEE84F-99BE-4120-B4C4-C5A61BDDE07F}
	EndGlobalSection
EndGlobal
